
Microsoft Visual Studio Solution File, Format Version 12.00
# Visual Studio Version 17
VisualStudioVersion = 17.5.33516.290
MinimumVisualStudioVersion = 10.0.40219.1
Project("{FAE04EC0-301F-11D3-BF4B-00C04F79EFBC}") = "Domain", "Domain\Domain.csproj", "{DD86682E-74D8-4CE4-83BD-672A59D59B99}"
EndProject
Project("{2150E333-8FDC-42A3-9474-1A3956D46DE8}") = "Internal", "Internal", "{0BF2559E-D231-4EE3-A547-EA8134408235}"
EndProject
Project("{2150E333-8FDC-42A3-9474-1A3956D46DE8}") = "External", "External", "{AB63CF68-7671-4620-9742-E3FA64B966DC}"
EndProject
Project("{FAE04EC0-301F-11D3-BF4B-00C04F79EFBC}") = "Application", "Application\Application.csproj", "{6847435B-38B2-4AC2-9E7E-5FCDCB9F7E11}"
EndProject
Project("{FAE04EC0-301F-11D3-BF4B-00C04F79EFBC}") = "Infrastructure", "Infrastructure\Infrastructure.csproj", "{086FA622-235C-4B1F-8DDC-093955A9A809}"
EndProject
Project("{FAE04EC0-301F-11D3-BF4B-00C04F79EFBC}") = "Presentation", "Presentation\Presentation.csproj", "{3A6D9906-D3C6-4554-8343-AC7C576E6854}"
EndProject
Global
	GlobalSection(SolutionConfigurationPlatforms) = preSolution
		Debug|Any CPU = Debug|Any CPU
		Release|Any CPU = Release|Any CPU
	EndGlobalSection
	GlobalSection(ProjectConfigurationPlatforms) = postSolution
		{DD86682E-74D8-4CE4-83BD-672A59D59B99}.Debug|Any CPU.ActiveCfg = Debug|Any CPU
		{DD86682E-74D8-4CE4-83BD-672A59D59B99}.Debug|Any CPU.Build.0 = Debug|Any CPU
		{DD86682E-74D8-4CE4-83BD-672A59D59B99}.Release|Any CPU.ActiveCfg = Release|Any CPU
		{DD86682E-74D8-4CE4-83BD-672A59D59B99}.Release|Any CPU.Build.0 = Release|Any CPU
		{6847435B-38B2-4AC2-9E7E-5FCDCB9F7E11}.Debug|Any CPU.ActiveCfg = Debug|Any CPU
		{6847435B-38B2-4AC2-9E7E-5FCDCB9F7E11}.Debug|Any CPU.Build.0 = Debug|Any CPU
		{6847435B-38B2-4AC2-9E7E-5FCDCB9F7E11}.Release|Any CPU.ActiveCfg = Release|Any CPU
		{6847435B-38B2-4AC2-9E7E-5FCDCB9F7E11}.Release|Any CPU.Build.0 = Release|Any CPU
		{086FA622-235C-4B1F-8DDC-093955A9A809}.Debug|Any CPU.ActiveCfg = Debug|Any CPU
		{086FA622-235C-4B1F-8DDC-093955A9A809}.Debug|Any CPU.Build.0 = Debug|Any CPU
		{086FA622-235C-4B1F-8DDC-093955A9A809}.Release|Any CPU.ActiveCfg = Release|Any CPU
		{086FA622-235C-4B1F-8DDC-093955A9A809}.Release|Any CPU.Build.0 = Release|Any CPU
		{3A6D9906-D3C6-4554-8343-AC7C576E6854}.Debug|Any CPU.ActiveCfg = Debug|Any CPU
		{3A6D9906-D3C6-4554-8343-AC7C576E6854}.Debug|Any CPU.Build.0 = Debug|Any CPU
		{3A6D9906-D3C6-4554-8343-AC7C576E6854}.Release|Any CPU.ActiveCfg = Release|Any CPU
		{3A6D9906-D3C6-4554-8343-AC7C576E6854}.Release|Any CPU.Build.0 = Release|Any CPU
	EndGlobalSection
	GlobalSection(SolutionProperties) = preSolution
		HideSolutionNode = FALSE
	EndGlobalSection
	GlobalSection(NestedProjects) = preSolution
		{DD86682E-74D8-4CE4-83BD-672A59D59B99} = {0BF2559E-D231-4EE3-A547-EA8134408235}
		{6847435B-38B2-4AC2-9E7E-5FCDCB9F7E11} = {0BF2559E-D231-4EE3-A547-EA8134408235}
		{086FA622-235C-4B1F-8DDC-093955A9A809} = {AB63CF68-7671-4620-9742-E3FA64B966DC}
		{3A6D9906-D3C6-4554-8343-AC7C576E6854} = {AB63CF68-7671-4620-9742-E3FA64B966DC}
	EndGlobalSection
	GlobalSection(ExtensibilityGlobals) = postSolution
		SolutionGuid = {2E93B6E9-E285-4585-9ADD-3A1C8E10727E}
	EndGlobalSection
EndGlobal
